
Microsoft Visual Studio Solution File, Format Version 12.00
# Visual Studio Version 16
VisualStudioVersion = 16.0.30804.86
MinimumVisualStudioVersion = 10.0.40219.1
Project("{9A19103F-16F7-4668-BE54-9A1E7A4F7556}") = "Americanas.ShoppingCart", "BenFattoAdmission.Americanas\Americanas.ShoppingCart.csproj", "{483EF68E-2E2D-4433-899D-F6244BCD7B6E}"
EndProject
Global
	GlobalSection(SolutionConfigurationPlatforms) = preSolution
		Debug|Any CPU = Debug|Any CPU
		Release|Any CPU = Release|Any CPU
	EndGlobalSection
	GlobalSection(ProjectConfigurationPlatforms) = postSolution
		{483EF68E-2E2D-4433-899D-F6244BCD7B6E}.Debug|Any CPU.ActiveCfg = Debug|Any CPU
		{483EF68E-2E2D-4433-899D-F6244BCD7B6E}.Debug|Any CPU.Build.0 = Debug|Any CPU
		{483EF68E-2E2D-4433-899D-F6244BCD7B6E}.Release|Any CPU.ActiveCfg = Release|Any CPU
		{483EF68E-2E2D-4433-899D-F6244BCD7B6E}.Release|Any CPU.Build.0 = Release|Any CPU
	EndGlobalSection
	GlobalSection(SolutionProperties) = preSolution
		HideSolutionNode = FALSE
	EndGlobalSection
	GlobalSection(ExtensibilityGlobals) = postSolution
		SolutionGuid = {7A4083A7-A743-4F5A-8662-9AD5D079E7DB}
	EndGlobalSection
EndGlobal
